
Microsoft Visual Studio Solution File, Format Version 12.00
# Visual Studio Version 17
VisualStudioVersion = 17.8.34316.72
MinimumVisualStudioVersion = 10.0.40219.1
Project("{FAE04EC0-301F-11D3-BF4B-00C04F79EFBC}") = "CuckooFilterWindowsForms", "CuckooFilterWindowsForms.csproj", "{95A831C9-37BA-4208-BF5B-66C1104A1923}"
EndProject
Global
	GlobalSection(SolutionConfigurationPlatforms) = preSolution
		Debug|Any CPU = Debug|Any CPU
		Release|Any CPU = Release|Any CPU
	EndGlobalSection
	GlobalSection(ProjectConfigurationPlatforms) = postSolution
		{95A831C9-37BA-4208-BF5B-66C1104A1923}.Debug|Any CPU.ActiveCfg = Debug|Any CPU
		{95A831C9-37BA-4208-BF5B-66C1104A1923}.Debug|Any CPU.Build.0 = Debug|Any CPU
		{95A831C9-37BA-4208-BF5B-66C1104A1923}.Release|Any CPU.ActiveCfg = Release|Any CPU
		{95A831C9-37BA-4208-BF5B-66C1104A1923}.Release|Any CPU.Build.0 = Release|Any CPU
	EndGlobalSection
	GlobalSection(SolutionProperties) = preSolution
		HideSolutionNode = FALSE
	EndGlobalSection
	GlobalSection(ExtensibilityGlobals) = postSolution
		SolutionGuid = {8333B0CD-9FF1-4A7D-B91C-5ECC977EAE90}
	EndGlobalSection
EndGlobal
